// !$*UTF8*$!
{
	archiveVersion = 1;
	classes = {
	};
	objectVersion = 46;
	objects = {

/* Begin PBXBuildFile section */
		C03CDA2718B0205D0054D56D /* PhotosInSelectedRegionCDTVC.m in Sources */ = {isa = PBXBuildFile; fileRef = C03CDA2618B0205D0054D56D /* PhotosInSelectedRegionCDTVC.m */; };
		C03CDA2A18B050E90054D56D /* Region.m in Sources */ = {isa = PBXBuildFile; fileRef = C03CDA2918B050E90054D56D /* Region.m */; };
		C03CDA2D18B050EA0054D56D /* Photo.m in Sources */ = {isa = PBXBuildFile; fileRef = C03CDA2C18B050EA0054D56D /* Photo.m */; };
		C03CDA3018B050EA0054D56D /* Photographer.m in Sources */ = {isa = PBXBuildFile; fileRef = C03CDA2F18B050EA0054D56D /* Photographer.m */; };
		C05BFEDC18ABE53600038902 /* Foundation.framework in Frameworks */ = {isa = PBXBuildFile; fileRef = C05BFEDB18ABE53600038902 /* Foundation.framework */; };
		C05BFEDE18ABE53600038902 /* CoreGraphics.framework in Frameworks */ = {isa = PBXBuildFile; fileRef = C05BFEDD18ABE53600038902 /* CoreGraphics.framework */; };
		C05BFEE018ABE53600038902 /* UIKit.framework in Frameworks */ = {isa = PBXBuildFile; fileRef = C05BFEDF18ABE53600038902 /* UIKit.framework */; };
		C05BFEE618ABE53600038902 /* InfoPlist.strings in Resources */ = {isa = PBXBuildFile; fileRef = C05BFEE418ABE53600038902 /* InfoPlist.strings */; };
		C05BFEE818ABE53600038902 /* main.m in Sources */ = {isa = PBXBuildFile; fileRef = C05BFEE718ABE53600038902 /* main.m */; };
		C05BFEEC18ABE53600038902 /* TopRegionsAppDelegate.m in Sources */ = {isa = PBXBuildFile; fileRef = C05BFEEB18ABE53600038902 /* TopRegionsAppDelegate.m */; };
		C05BFEF518ABE53600038902 /* TopRegionsTVC.m in Sources */ = {isa = PBXBuildFile; fileRef = C05BFEF418ABE53600038902 /* TopRegionsTVC.m */; };
		C05BFEF718ABE53600038902 /* Images.xcassets in Resources */ = {isa = PBXBuildFile; fileRef = C05BFEF618ABE53600038902 /* Images.xcassets */; };
		C05BFEFE18ABE53600038902 /* XCTest.framework in Frameworks */ = {isa = PBXBuildFile; fileRef = C05BFEFD18ABE53600038902 /* XCTest.framework */; };
		C05BFEFF18ABE53600038902 /* Foundation.framework in Frameworks */ = {isa = PBXBuildFile; fileRef = C05BFEDB18ABE53600038902 /* Foundation.framework */; };
		C05BFF0018ABE53600038902 /* UIKit.framework in Frameworks */ = {isa = PBXBuildFile; fileRef = C05BFEDF18ABE53600038902 /* UIKit.framework */; };
		C05BFF0818ABE53600038902 /* InfoPlist.strings in Resources */ = {isa = PBXBuildFile; fileRef = C05BFF0618ABE53600038902 /* InfoPlist.strings */; };
		C05BFF0A18ABE53600038902 /* Top_RegionsTests.m in Sources */ = {isa = PBXBuildFile; fileRef = C05BFF0918ABE53600038902 /* Top_RegionsTests.m */; };
		C05BFF1718ABE55900038902 /* FlickrFetcher.m in Sources */ = {isa = PBXBuildFile; fileRef = C05BFF1618ABE55900038902 /* FlickrFetcher.m */; };
		C05BFF1B18ABE56F00038902 /* CoreDataTableViewController.m in Sources */ = {isa = PBXBuildFile; fileRef = C05BFF1A18ABE56F00038902 /* CoreDataTableViewController.m */; };
		C05BFF1F18ABF01200038902 /* Main_iPad.storyboard in Resources */ = {isa = PBXBuildFile; fileRef = C05BFF1D18ABF01200038902 /* Main_iPad.storyboard */; };
		C05BFF2018ABF01200038902 /* Main_iPhone.storyboard in Resources */ = {isa = PBXBuildFile; fileRef = C05BFF1E18ABF01200038902 /* Main_iPhone.storyboard */; };
		C05BFF3318ABF0DA00038902 /* ImageViewController.m in Sources */ = {isa = PBXBuildFile; fileRef = C05BFF2D18ABF0DA00038902 /* ImageViewController.m */; };
		C05BFF3618ABF9F800038902 /* TopRegionsModel.xcdatamodeld in Sources */ = {isa = PBXBuildFile; fileRef = C05BFF3418ABF9F800038902 /* TopRegionsModel.xcdatamodeld */; };
		C09F567018AE508F0088A321 /* Photographer+create.m in Sources */ = {isa = PBXBuildFile; fileRef = C09F566F18AE508F0088A321 /* Photographer+create.m */; };
		C09F567318AE91DA0088A321 /* Region+create.m in Sources */ = {isa = PBXBuildFile; fileRef = C09F567218AE91DA0088A321 /* Region+create.m */; };
		C0AF1A8218ADC70F00B4D604 /* Photo+Flickr.m in Sources */ = {isa = PBXBuildFile; fileRef = C0AF1A8118ADC70F00B4D604 /* Photo+Flickr.m */; };
/* End PBXBuildFile section */

/* Begin PBXContainerItemProxy section */
		C05BFF0118ABE53600038902 /* PBXContainerItemProxy */ = {
			isa = PBXContainerItemProxy;
			containerPortal = C05BFED018ABE53600038902 /* Project object */;
			proxyType = 1;
			remoteGlobalIDString = C05BFED718ABE53600038902;
			remoteInfo = "Top Regions";
		};
/* End PBXContainerItemProxy section */

/* Begin PBXFileReference section */
		C03CDA2518B0205D0054D56D /* PhotosInSelectedRegionCDTVC.h */ = {isa = PBXFileReference; fileEncoding = 4; lastKnownFileType = sourcecode.c.h; name = PhotosInSelectedRegionCDTVC.h; path = CoreDataModel/PhotosInSelectedRegionCDTVC.h; sourceTree = "<group>"; };
		C03CDA2618B0205D0054D56D /* PhotosInSelectedRegionCDTVC.m */ = {isa = PBXFileReference; fileEncoding = 4; lastKnownFileType = sourcecode.c.objc; name = PhotosInSelectedRegionCDTVC.m; path = CoreDataModel/PhotosInSelectedRegionCDTVC.m; sourceTree = "<group>"; };
		C03CDA2818B050E90054D56D /* Region.h */ = {isa = PBXFileReference; fileEncoding = 4; lastKnownFileType = sourcecode.c.h; name = Region.h; path = CoreDataModel/Region.h; sourceTree = "<group>"; };
		C03CDA2918B050E90054D56D /* Region.m */ = {isa = PBXFileReference; fileEncoding = 4; lastKnownFileType = sourcecode.c.objc; name = Region.m; path = CoreDataModel/Region.m; sourceTree = "<group>"; };
		C03CDA2B18B050EA0054D56D /* Photo.h */ = {isa = PBXFileReference; fileEncoding = 4; lastKnownFileType = sourcecode.c.h; name = Photo.h; path = CoreDataModel/Photo.h; sourceTree = "<group>"; };
		C03CDA2C18B050EA0054D56D /* Photo.m */ = {isa = PBXFileReference; fileEncoding = 4; lastKnownFileType = sourcecode.c.objc; name = Photo.m; path = CoreDataModel/Photo.m; sourceTree = "<group>"; };
		C03CDA2E18B050EA0054D56D /* Photographer.h */ = {isa = PBXFileReference; fileEncoding = 4; lastKnownFileType = sourcecode.c.h; name = Photographer.h; path = CoreDataModel/Photographer.h; sourceTree = "<group>"; };
		C03CDA2F18B050EA0054D56D /* Photographer.m */ = {isa = PBXFileReference; fileEncoding = 4; lastKnownFileType = sourcecode.c.objc; name = Photographer.m; path = CoreDataModel/Photographer.m; sourceTree = "<group>"; };
		C05BFED818ABE53600038902 /* Top Regions.app */ = {isa = PBXFileReference; explicitFileType = wrapper.application; includeInIndex = 0; path = "Top Regions.app"; sourceTree = BUILT_PRODUCTS_DIR; };
		C05BFEDB18ABE53600038902 /* Foundation.framework */ = {isa = PBXFileReference; lastKnownFileType = wrapper.framework; name = Foundation.framework; path = System/Library/Frameworks/Foundation.framework; sourceTree = SDKROOT; };
		C05BFEDD18ABE53600038902 /* CoreGraphics.framework */ = {isa = PBXFileReference; lastKnownFileType = wrapper.framework; name = CoreGraphics.framework; path = System/Library/Frameworks/CoreGraphics.framework; sourceTree = SDKROOT; };
		C05BFEDF18ABE53600038902 /* UIKit.framework */ = {isa = PBXFileReference; lastKnownFileType = wrapper.framework; name = UIKit.framework; path = System/Library/Frameworks/UIKit.framework; sourceTree = SDKROOT; };
		C05BFEE318ABE53600038902 /* Top Regions-Info.plist */ = {isa = PBXFileReference; lastKnownFileType = text.plist.xml; path = "Top Regions-Info.plist"; sourceTree = "<group>"; };
		C05BFEE518ABE53600038902 /* en */ = {isa = PBXFileReference; lastKnownFileType = text.plist.strings; name = en; path = en.lproj/InfoPlist.strings; sourceTree = "<group>"; };
		C05BFEE718ABE53600038902 /* main.m */ = {isa = PBXFileReference; lastKnownFileType = sourcecode.c.objc; path = main.m; sourceTree = "<group>"; };
		C05BFEE918ABE53600038902 /* Top Regions-Prefix.pch */ = {isa = PBXFileReference; lastKnownFileType = sourcecode.c.h; path = "Top Regions-Prefix.pch"; sourceTree = "<group>"; };
		C05BFEEA18ABE53600038902 /* TopRegionsAppDelegate.h */ = {isa = PBXFileReference; lastKnownFileType = sourcecode.c.h; path = TopRegionsAppDelegate.h; sourceTree = "<group>"; };
		C05BFEEB18ABE53600038902 /* TopRegionsAppDelegate.m */ = {isa = PBXFileReference; lastKnownFileType = sourcecode.c.objc; path = TopRegionsAppDelegate.m; sourceTree = "<group>"; };
		C05BFEF318ABE53600038902 /* TopRegionsTVC.h */ = {isa = PBXFileReference; lastKnownFileType = sourcecode.c.h; path = TopRegionsTVC.h; sourceTree = "<group>"; };
		C05BFEF418ABE53600038902 /* TopRegionsTVC.m */ = {isa = PBXFileReference; lastKnownFileType = sourcecode.c.objc; path = TopRegionsTVC.m; sourceTree = "<group>"; };
		C05BFEF618ABE53600038902 /* Images.xcassets */ = {isa = PBXFileReference; lastKnownFileType = folder.assetcatalog; path = Images.xcassets; sourceTree = "<group>"; };
		C05BFEFC18ABE53600038902 /* Top RegionsTests.xctest */ = {isa = PBXFileReference; explicitFileType = wrapper.cfbundle; includeInIndex = 0; path = "Top RegionsTests.xctest"; sourceTree = BUILT_PRODUCTS_DIR; };
		C05BFEFD18ABE53600038902 /* XCTest.framework */ = {isa = PBXFileReference; lastKnownFileType = wrapper.framework; name = XCTest.framework; path = Library/Frameworks/XCTest.framework; sourceTree = DEVELOPER_DIR; };
		C05BFF0518ABE53600038902 /* Top RegionsTests-Info.plist */ = {isa = PBXFileReference; lastKnownFileType = text.plist.xml; path = "Top RegionsTests-Info.plist"; sourceTree = "<group>"; };
		C05BFF0718ABE53600038902 /* en */ = {isa = PBXFileReference; lastKnownFileType = text.plist.strings; name = en; path = en.lproj/InfoPlist.strings; sourceTree = "<group>"; };
		C05BFF0918ABE53600038902 /* Top_RegionsTests.m */ = {isa = PBXFileReference; lastKnownFileType = sourcecode.c.objc; path = Top_RegionsTests.m; sourceTree = "<group>"; };
		C05BFF1418ABE55900038902 /* FlickrAPIKey.h */ = {isa = PBXFileReference; fileEncoding = 4; lastKnownFileType = sourcecode.c.h; path = FlickrAPIKey.h; sourceTree = "<group>"; };
		C05BFF1518ABE55900038902 /* FlickrFetcher.h */ = {isa = PBXFileReference; fileEncoding = 4; lastKnownFileType = sourcecode.c.h; path = FlickrFetcher.h; sourceTree = "<group>"; };
		C05BFF1618ABE55900038902 /* FlickrFetcher.m */ = {isa = PBXFileReference; fileEncoding = 4; lastKnownFileType = sourcecode.c.objc; path = FlickrFetcher.m; sourceTree = "<group>"; };
		C05BFF1918ABE56F00038902 /* CoreDataTableViewController.h */ = {isa = PBXFileReference; fileEncoding = 4; lastKnownFileType = sourcecode.c.h; path = CoreDataTableViewController.h; sourceTree = "<group>"; };
		C05BFF1A18ABE56F00038902 /* CoreDataTableViewController.m */ = {isa = PBXFileReference; fileEncoding = 4; lastKnownFileType = sourcecode.c.objc; path = CoreDataTableViewController.m; sourceTree = "<group>"; };
		C05BFF1D18ABF01200038902 /* Main_iPad.storyboard */ = {isa = PBXFileReference; fileEncoding = 4; lastKnownFileType = file.storyboard; path = Main_iPad.storyboard; sourceTree = "<group>"; };
		C05BFF1E18ABF01200038902 /* Main_iPhone.storyboard */ = {isa = PBXFileReference; fileEncoding = 4; lastKnownFileType = file.storyboard; path = Main_iPhone.storyboard; sourceTree = "<group>"; };
		C05BFF2C18ABF0DA00038902 /* ImageViewController.h */ = {isa = PBXFileReference; fileEncoding = 4; lastKnownFileType = sourcecode.c.h; path = ImageViewController.h; sourceTree = "<group>"; };
		C05BFF2D18ABF0DA00038902 /* ImageViewController.m */ = {isa = PBXFileReference; fileEncoding = 4; lastKnownFileType = sourcecode.c.objc; path = ImageViewController.m; sourceTree = "<group>"; };
		C05BFF3518ABF9F800038902 /* TopRegionsModel.xcdatamodel */ = {isa = PBXFileReference; lastKnownFileType = wrapper.xcdatamodel; path = TopRegionsModel.xcdatamodel; sourceTree = "<group>"; };
		C09F566E18AE508F0088A321 /* Photographer+create.h */ = {isa = PBXFileReference; fileEncoding = 4; lastKnownFileType = sourcecode.c.h; name = "Photographer+create.h"; path = "CoreDataModel/Photographer+create.h"; sourceTree = "<group>"; };
		C09F566F18AE508F0088A321 /* Photographer+create.m */ = {isa = PBXFileReference; fileEncoding = 4; lastKnownFileType = sourcecode.c.objc; name = "Photographer+create.m"; path = "CoreDataModel/Photographer+create.m"; sourceTree = "<group>"; };
		C09F567118AE91DA0088A321 /* Region+create.h */ = {isa = PBXFileReference; fileEncoding = 4; lastKnownFileType = sourcecode.c.h; name = "Region+create.h"; path = "CoreDataModel/Region+create.h"; sourceTree = "<group>"; };
		C09F567218AE91DA0088A321 /* Region+create.m */ = {isa = PBXFileReference; fileEncoding = 4; lastKnownFileType = sourcecode.c.objc; name = "Region+create.m"; path = "CoreDataModel/Region+create.m"; sourceTree = "<group>"; };
		C0AF1A8018ADC70F00B4D604 /* Photo+Flickr.h */ = {isa = PBXFileReference; fileEncoding = 4; lastKnownFileType = sourcecode.c.h; name = "Photo+Flickr.h"; path = "CoreDataModel/Photo+Flickr.h"; sourceTree = "<group>"; };
		C0AF1A8118ADC70F00B4D604 /* Photo+Flickr.m */ = {isa = PBXFileReference; fileEncoding = 4; lastKnownFileType = sourcecode.c.objc; name = "Photo+Flickr.m"; path = "CoreDataModel/Photo+Flickr.m"; sourceTree = "<group>"; };
/* End PBXFileReference section */

/* Begin PBXFrameworksBuildPhase section */
		C05BFED518ABE53600038902 /* Frameworks */ = {
			isa = PBXFrameworksBuildPhase;
			buildActionMask = 2147483647;
			files = (
				C05BFEDE18ABE53600038902 /* CoreGraphics.framework in Frameworks */,
				C05BFEE018ABE53600038902 /* UIKit.framework in Frameworks */,
				C05BFEDC18ABE53600038902 /* Foundation.framework in Frameworks */,
			);
			runOnlyForDeploymentPostprocessing = 0;
		};
		C05BFEF918ABE53600038902 /* Frameworks */ = {
			isa = PBXFrameworksBuildPhase;
			buildActionMask = 2147483647;
			files = (
				C05BFEFE18ABE53600038902 /* XCTest.framework in Frameworks */,
				C05BFF0018ABE53600038902 /* UIKit.framework in Frameworks */,
				C05BFEFF18ABE53600038902 /* Foundation.framework in Frameworks */,
			);
			runOnlyForDeploymentPostprocessing = 0;
		};
/* End PBXFrameworksBuildPhase section */

/* Begin PBXGroup section */
		C05BFECF18ABE53600038902 = {
			isa = PBXGroup;
			children = (
				C05BFEE118ABE53600038902 /* Top Regions */,
				C05BFF0318ABE53600038902 /* Top RegionsTests */,
				C05BFEDA18ABE53600038902 /* Frameworks */,
				C05BFED918ABE53600038902 /* Products */,
			);
			sourceTree = "<group>";
		};
		C05BFED918ABE53600038902 /* Products */ = {
			isa = PBXGroup;
			children = (
				C05BFED818ABE53600038902 /* Top Regions.app */,
				C05BFEFC18ABE53600038902 /* Top RegionsTests.xctest */,
			);
			name = Products;
			sourceTree = "<group>";
		};
		C05BFEDA18ABE53600038902 /* Frameworks */ = {
			isa = PBXGroup;
			children = (
				C05BFEDB18ABE53600038902 /* Foundation.framework */,
				C05BFEDD18ABE53600038902 /* CoreGraphics.framework */,
				C05BFEDF18ABE53600038902 /* UIKit.framework */,
				C05BFEFD18ABE53600038902 /* XCTest.framework */,
			);
			name = Frameworks;
			sourceTree = "<group>";
		};
		C05BFEE118ABE53600038902 /* Top Regions */ = {
			isa = PBXGroup;
			children = (
				C05BFF3718ABFA0700038902 /* Core Data Model */,
				C05BFF2118ABF0BE00038902 /* Controllers */,
				C05BFF1C18ABEF9E00038902 /* View */,
				C05BFF1818ABE56F00038902 /* CoreDataTableViewController */,
				C05BFF1318ABE55900038902 /* Flickr Fetcher */,
				C05BFEEA18ABE53600038902 /* TopRegionsAppDelegate.h */,
				C05BFEEB18ABE53600038902 /* TopRegionsAppDelegate.m */,
				C05BFEF618ABE53600038902 /* Images.xcassets */,
				C05BFEE218ABE53600038902 /* Supporting Files */,
			);
			path = "Top Regions";
			sourceTree = "<group>";
		};
		C05BFEE218ABE53600038902 /* Supporting Files */ = {
			isa = PBXGroup;
			children = (
				C05BFEE318ABE53600038902 /* Top Regions-Info.plist */,
				C05BFEE418ABE53600038902 /* InfoPlist.strings */,
				C05BFEE718ABE53600038902 /* main.m */,
				C05BFEE918ABE53600038902 /* Top Regions-Prefix.pch */,
			);
			name = "Supporting Files";
			sourceTree = "<group>";
		};
		C05BFF0318ABE53600038902 /* Top RegionsTests */ = {
			isa = PBXGroup;
			children = (
				C05BFF0918ABE53600038902 /* Top_RegionsTests.m */,
				C05BFF0418ABE53600038902 /* Supporting Files */,
			);
			path = "Top RegionsTests";
			sourceTree = "<group>";
		};
		C05BFF0418ABE53600038902 /* Supporting Files */ = {
			isa = PBXGroup;
			children = (
				C05BFF0518ABE53600038902 /* Top RegionsTests-Info.plist */,
				C05BFF0618ABE53600038902 /* InfoPlist.strings */,
			);
			name = "Supporting Files";
			sourceTree = "<group>";
		};
		C05BFF1318ABE55900038902 /* Flickr Fetcher */ = {
			isa = PBXGroup;
			children = (
				C05BFF1418ABE55900038902 /* FlickrAPIKey.h */,
				C05BFF1518ABE55900038902 /* FlickrFetcher.h */,
				C05BFF1618ABE55900038902 /* FlickrFetcher.m */,
			);
			path = "Flickr Fetcher";
			sourceTree = "<group>";
		};
		C05BFF1818ABE56F00038902 /* CoreDataTableViewController */ = {
			isa = PBXGroup;
			children = (
				C05BFF1918ABE56F00038902 /* CoreDataTableViewController.h */,
				C05BFF1A18ABE56F00038902 /* CoreDataTableViewController.m */,
			);
			path = CoreDataTableViewController;
			sourceTree = "<group>";
		};
		C05BFF1C18ABEF9E00038902 /* View */ = {
			isa = PBXGroup;
			children = (
				C05BFF1D18ABF01200038902 /* Main_iPad.storyboard */,
				C05BFF1E18ABF01200038902 /* Main_iPhone.storyboard */,
			);
			name = View;
			sourceTree = "<group>";
		};
		C05BFF2118ABF0BE00038902 /* Controllers */ = {
			isa = PBXGroup;
			children = (
				C03CDA2518B0205D0054D56D /* PhotosInSelectedRegionCDTVC.h */,
				C03CDA2618B0205D0054D56D /* PhotosInSelectedRegionCDTVC.m */,
				C05BFEF318ABE53600038902 /* TopRegionsTVC.h */,
				C05BFEF418ABE53600038902 /* TopRegionsTVC.m */,
				C05BFF2C18ABF0DA00038902 /* ImageViewController.h */,
				C05BFF2D18ABF0DA00038902 /* ImageViewController.m */,
			);
			name = Controllers;
			sourceTree = "<group>";
		};
		C05BFF3718ABFA0700038902 /* Core Data Model */ = {
			isa = PBXGroup;
			children = (
				C09F567118AE91DA0088A321 /* Region+create.h */,
				C09F567218AE91DA0088A321 /* Region+create.m */,
				C03CDA2E18B050EA0054D56D /* Photographer.h */,
				C03CDA2F18B050EA0054D56D /* Photographer.m */,
				C03CDA2B18B050EA0054D56D /* Photo.h */,
				C03CDA2C18B050EA0054D56D /* Photo.m */,
				C03CDA2818B050E90054D56D /* Region.h */,
				C03CDA2918B050E90054D56D /* Region.m */,
				C05BFF3418ABF9F800038902 /* TopRegionsModel.xcdatamodeld */,
				C0AF1A8018ADC70F00B4D604 /* Photo+Flickr.h */,
				C0AF1A8118ADC70F00B4D604 /* Photo+Flickr.m */,
				C09F566E18AE508F0088A321 /* Photographer+create.h */,
				C09F566F18AE508F0088A321 /* Photographer+create.m */,
			);
			name = "Core Data Model";
			sourceTree = "<group>";
		};
/* End PBXGroup section */

/* Begin PBXNativeTarget section */
		C05BFED718ABE53600038902 /* Top Regions */ = {
			isa = PBXNativeTarget;
			buildConfigurationList = C05BFF0D18ABE53600038902 /* Build configuration list for PBXNativeTarget "Top Regions" */;
			buildPhases = (
				C05BFED418ABE53600038902 /* Sources */,
				C05BFED518ABE53600038902 /* Frameworks */,
				C05BFED618ABE53600038902 /* Resources */,
			);
			buildRules = (
			);
			dependencies = (
			);
			name = "Top Regions";
			productName = "Top Regions";
			productReference = C05BFED818ABE53600038902 /* Top Regions.app */;
			productType = "com.apple.product-type.application";
		};
		C05BFEFB18ABE53600038902 /* Top RegionsTests */ = {
			isa = PBXNativeTarget;
			buildConfigurationList = C05BFF1018ABE53600038902 /* Build configuration list for PBXNativeTarget "Top RegionsTests" */;
			buildPhases = (
				C05BFEF818ABE53600038902 /* Sources */,
				C05BFEF918ABE53600038902 /* Frameworks */,
				C05BFEFA18ABE53600038902 /* Resources */,
			);
			buildRules = (
			);
			dependencies = (
				C05BFF0218ABE53600038902 /* PBXTargetDependency */,
			);
			name = "Top RegionsTests";
			productName = "Top RegionsTests";
			productReference = C05BFEFC18ABE53600038902 /* Top RegionsTests.xctest */;
			productType = "com.apple.product-type.bundle.unit-test";
		};
/* End PBXNativeTarget section */

/* Begin PBXProject section */
		C05BFED018ABE53600038902 /* Project object */ = {
			isa = PBXProject;
			attributes = {
				CLASSPREFIX = TopRegions;
				LastUpgradeCheck = 0500;
				ORGANIZATIONNAME = GriffTech;
				TargetAttributes = {
					C05BFEFB18ABE53600038902 = {
						TestTargetID = C05BFED718ABE53600038902;
					};
				};
			};
			buildConfigurationList = C05BFED318ABE53600038902 /* Build configuration list for PBXProject "Top Regions" */;
			compatibilityVersion = "Xcode 3.2";
			developmentRegion = English;
			hasScannedForEncodings = 0;
			knownRegions = (
				en,
				Base,
			);
			mainGroup = C05BFECF18ABE53600038902;
			productRefGroup = C05BFED918ABE53600038902 /* Products */;
			projectDirPath = "";
			projectRoot = "";
			targets = (
				C05BFED718ABE53600038902 /* Top Regions */,
				C05BFEFB18ABE53600038902 /* Top RegionsTests */,
			);
		};
/* End PBXProject section */

/* Begin PBXResourcesBuildPhase section */
		C05BFED618ABE53600038902 /* Resources */ = {
			isa = PBXResourcesBuildPhase;
			buildActionMask = 2147483647;
			files = (
				C05BFF2018ABF01200038902 /* Main_iPhone.storyboard in Resources */,
				C05BFF1F18ABF01200038902 /* Main_iPad.storyboard in Resources */,
				C05BFEF718ABE53600038902 /* Images.xcassets in Resources */,
				C05BFEE618ABE53600038902 /* InfoPlist.strings in Resources */,
			);
			runOnlyForDeploymentPostprocessing = 0;
		};
		C05BFEFA18ABE53600038902 /* Resources */ = {
			isa = PBXResourcesBuildPhase;
			buildActionMask = 2147483647;
			files = (
				C05BFF0818ABE53600038902 /* InfoPlist.strings in Resources */,
			);
			runOnlyForDeploymentPostprocessing = 0;
		};
/* End PBXResourcesBuildPhase section */

/* Begin PBXSourcesBuildPhase section */
		C05BFED418ABE53600038902 /* Sources */ = {
			isa = PBXSourcesBuildPhase;
			buildActionMask = 2147483647;
			files = (
				C03CDA3018B050EA0054D56D /* Photographer.m in Sources */,
				C03CDA2D18B050EA0054D56D /* Photo.m in Sources */,
				C09F567018AE508F0088A321 /* Photographer+create.m in Sources */,
				C03CDA2718B0205D0054D56D /* PhotosInSelectedRegionCDTVC.m in Sources */,
				C0AF1A8218ADC70F00B4D604 /* Photo+Flickr.m in Sources */,
				C09F567318AE91DA0088A321 /* Region+create.m in Sources */,
				C05BFEF518ABE53600038902 /* TopRegionsTVC.m in Sources */,
				C05BFEEC18ABE53600038902 /* TopRegionsAppDelegate.m in Sources */,
				C03CDA2A18B050E90054D56D /* Region.m in Sources */,
				C05BFF3318ABF0DA00038902 /* ImageViewController.m in Sources */,
				C05BFF3618ABF9F800038902 /* TopRegionsModel.xcdatamodeld in Sources */,
				C05BFF1718ABE55900038902 /* FlickrFetcher.m in Sources */,
				C05BFEE818ABE53600038902 /* main.m in Sources */,
				C05BFF1B18ABE56F00038902 /* CoreDataTableViewController.m in Sources */,
			);
			runOnlyForDeploymentPostprocessing = 0;
		};
		C05BFEF818ABE53600038902 /* Sources */ = {
			isa = PBXSourcesBuildPhase;
			buildActionMask = 2147483647;
			files = (
				C05BFF0A18ABE53600038902 /* Top_RegionsTests.m in Sources */,
			);
			runOnlyForDeploymentPostprocessing = 0;
		};
/* End PBXSourcesBuildPhase section */

/* Begin PBXTargetDependency section */
		C05BFF0218ABE53600038902 /* PBXTargetDependency */ = {
			isa = PBXTargetDependency;
			target = C05BFED718ABE53600038902 /* Top Regions */;
			targetProxy = C05BFF0118ABE53600038902 /* PBXContainerItemProxy */;
		};
/* End PBXTargetDependency section */

/* Begin PBXVariantGroup section */
		C05BFEE418ABE53600038902 /* InfoPlist.strings */ = {
			isa = PBXVariantGroup;
			children = (
				C05BFEE518ABE53600038902 /* en */,
			);
			name = InfoPlist.strings;
			sourceTree = "<group>";
		};
		C05BFF0618ABE53600038902 /* InfoPlist.strings */ = {
			isa = PBXVariantGroup;
			children = (
				C05BFF0718ABE53600038902 /* en */,
			);
			name = InfoPlist.strings;
			sourceTree = "<group>";
		};
/* End PBXVariantGroup section */

/* Begin XCBuildConfiguration section */
		C05BFF0B18ABE53600038902 /* Debug */ = {
			isa = XCBuildConfiguration;
			buildSettings = {
				ALWAYS_SEARCH_USER_PATHS = NO;
				ARCHS = "$(ARCHS_STANDARD_INCLUDING_64_BIT)";
				CLANG_CXX_LANGUAGE_STANDARD = "gnu++0x";
				CLANG_CXX_LIBRARY = "libc++";
				CLANG_ENABLE_MODULES = YES;
				CLANG_ENABLE_OBJC_ARC = YES;
				CLANG_WARN_BOOL_CONVERSION = YES;
				CLANG_WARN_CONSTANT_CONVERSION = YES;
				CLANG_WARN_DIRECT_OBJC_ISA_USAGE = YES_ERROR;
				CLANG_WARN_EMPTY_BODY = YES;
				CLANG_WARN_ENUM_CONVERSION = YES;
				CLANG_WARN_INT_CONVERSION = YES;
				CLANG_WARN_OBJC_ROOT_CLASS = YES_ERROR;
				CLANG_WARN__DUPLICATE_METHOD_MATCH = YES;
				"CODE_SIGN_IDENTITY[sdk=iphoneos*]" = "iPhone Developer";
				COPY_PHASE_STRIP = NO;
				GCC_C_LANGUAGE_STANDARD = gnu99;
				GCC_DYNAMIC_NO_PIC = NO;
				GCC_OPTIMIZATION_LEVEL = 0;
				GCC_PREPROCESSOR_DEFINITIONS = (
					"DEBUG=1",
					"$(inherited)",
				);
				GCC_SYMBOLS_PRIVATE_EXTERN = NO;
				GCC_WARN_64_TO_32_BIT_CONVERSION = YES;
				GCC_WARN_ABOUT_RETURN_TYPE = YES_ERROR;
				GCC_WARN_UNDECLARED_SELECTOR = YES;
				GCC_WARN_UNINITIALIZED_AUTOS = YES;
				GCC_WARN_UNUSED_FUNCTION = YES;
				GCC_WARN_UNUSED_VARIABLE = YES;
				IPHONEOS_DEPLOYMENT_TARGET = 7.0;
				ONLY_ACTIVE_ARCH = YES;
				SDKROOT = iphoneos;
				TARGETED_DEVICE_FAMILY = "1,2";
			};
			name = Debug;
		};
		C05BFF0C18ABE53600038902 /* Release */ = {
			isa = XCBuildConfiguration;
			buildSettings = {
				ALWAYS_SEARCH_USER_PATHS = NO;
				ARCHS = "$(ARCHS_STANDARD_INCLUDING_64_BIT)";
				CLANG_CXX_LANGUAGE_STANDARD = "gnu++0x";
				CLANG_CXX_LIBRARY = "libc++";
				CLANG_ENABLE_MODULES = YES;
				CLANG_ENABLE_OBJC_ARC = YES;
				CLANG_WARN_BOOL_CONVERSION = YES;
				CLANG_WARN_CONSTANT_CONVERSION = YES;
				CLANG_WARN_DIRECT_OBJC_ISA_USAGE = YES_ERROR;
				CLANG_WARN_EMPTY_BODY = YES;
				CLANG_WARN_ENUM_CONVERSION = YES;
				CLANG_WARN_INT_CONVERSION = YES;
				CLANG_WARN_OBJC_ROOT_CLASS = YES_ERROR;
				CLANG_WARN__DUPLICATE_METHOD_MATCH = YES;
				"CODE_SIGN_IDENTITY[sdk=iphoneos*]" = "iPhone Developer";
				COPY_PHASE_STRIP = YES;
				ENABLE_NS_ASSERTIONS = NO;
				GCC_C_LANGUAGE_STANDARD = gnu99;
				GCC_WARN_64_TO_32_BIT_CONVERSION = YES;
				GCC_WARN_ABOUT_RETURN_TYPE = YES_ERROR;
				GCC_WARN_UNDECLARED_SELECTOR = YES;
				GCC_WARN_UNINITIALIZED_AUTOS = YES;
				GCC_WARN_UNUSED_FUNCTION = YES;
				GCC_WARN_UNUSED_VARIABLE = YES;
				IPHONEOS_DEPLOYMENT_TARGET = 7.0;
				SDKROOT = iphoneos;
				TARGETED_DEVICE_FAMILY = "1,2";
				VALIDATE_PRODUCT = YES;
			};
			name = Release;
		};
		C05BFF0E18ABE53600038902 /* Debug */ = {
			isa = XCBuildConfiguration;
			buildSettings = {
				ASSETCATALOG_COMPILER_APPICON_NAME = AppIcon;
				ASSETCATALOG_COMPILER_LAUNCHIMAGE_NAME = LaunchImage;
				GCC_PRECOMPILE_PREFIX_HEADER = YES;
				GCC_PREFIX_HEADER = "Top Regions/Top Regions-Prefix.pch";
				INFOPLIST_FILE = "Top Regions/Top Regions-Info.plist";
				PRODUCT_NAME = "$(TARGET_NAME)";
				WRAPPER_EXTENSION = app;
			};
			name = Debug;
		};
		C05BFF0F18ABE53600038902 /* Release */ = {
			isa = XCBuildConfiguration;
			buildSettings = {
				ASSETCATALOG_COMPILER_APPICON_NAME = AppIcon;
				ASSETCATALOG_COMPILER_LAUNCHIMAGE_NAME = LaunchImage;
				GCC_PRECOMPILE_PREFIX_HEADER = YES;
				GCC_PREFIX_HEADER = "Top Regions/Top Regions-Prefix.pch";
				INFOPLIST_FILE = "Top Regions/Top Regions-Info.plist";
				PRODUCT_NAME = "$(TARGET_NAME)";
				WRAPPER_EXTENSION = app;
			};
			name = Release;
		};
		C05BFF1118ABE53600038902 /* Debug */ = {
			isa = XCBuildConfiguration;
			buildSettings = {
				ARCHS = "$(ARCHS_STANDARD_INCLUDING_64_BIT)";
				BUNDLE_LOADER = "$(BUILT_PRODUCTS_DIR)/Top Regions.app/Top Regions";
				FRAMEWORK_SEARCH_PATHS = (
					"$(SDKROOT)/Developer/Library/Frameworks",
					"$(inherited)",
					"$(DEVELOPER_FRAMEWORKS_DIR)",
				);
				GCC_PRECOMPILE_PREFIX_HEADER = YES;
				GCC_PREFIX_HEADER = "Top Regions/Top Regions-Prefix.pch";
				GCC_PREPROCESSOR_DEFINITIONS = (
					"DEBUG=1",
					"$(inherited)",
				);
				INFOPLIST_FILE = "Top RegionsTests/Top RegionsTests-Info.plist";
				PRODUCT_NAME = "$(TARGET_NAME)";
				TEST_HOST = "$(BUNDLE_LOADER)";
				WRAPPER_EXTENSION = xctest;
			};
			name = Debug;
		};
		C05BFF1218ABE53600038902 /* Release */ = {
			isa = XCBuildConfiguration;
			buildSettings = {
				ARCHS = "$(ARCHS_STANDARD_INCLUDING_64_BIT)";
				BUNDLE_LOADER = "$(BUILT_PRODUCTS_DIR)/Top Regions.app/Top Regions";
				FRAMEWORK_SEARCH_PATHS = (
					"$(SDKROOT)/Developer/Library/Frameworks",
					"$(inherited)",
					"$(DEVELOPER_FRAMEWORKS_DIR)",
				);
				GCC_PRECOMPILE_PREFIX_HEADER = YES;
				GCC_PREFIX_HEADER = "Top Regions/Top Regions-Prefix.pch";
				INFOPLIST_FILE = "Top RegionsTests/Top RegionsTests-Info.plist";
				PRODUCT_NAME = "$(TARGET_NAME)";
				TEST_HOST = "$(BUNDLE_LOADER)";
				WRAPPER_EXTENSION = xctest;
			};
			name = Release;
		};
/* End XCBuildConfiguration section */

/* Begin XCConfigurationList section */
		C05BFED318ABE53600038902 /* Build configuration list for PBXProject "Top Regions" */ = {
			isa = XCConfigurationList;
			buildConfigurations = (
				C05BFF0B18ABE53600038902 /* Debug */,
				C05BFF0C18ABE53600038902 /* Release */,
			);
			defaultConfigurationIsVisible = 0;
			defaultConfigurationName = Release;
		};
		C05BFF0D18ABE53600038902 /* Build configuration list for PBXNativeTarget "Top Regions" */ = {
			isa = XCConfigurationList;
			buildConfigurations = (
				C05BFF0E18ABE53600038902 /* Debug */,
				C05BFF0F18ABE53600038902 /* Release */,
			);
			defaultConfigurationIsVisible = 0;
			defaultConfigurationName = Release;
		};
		C05BFF1018ABE53600038902 /* Build configuration list for PBXNativeTarget "Top RegionsTests" */ = {
			isa = XCConfigurationList;
			buildConfigurations = (
				C05BFF1118ABE53600038902 /* Debug */,
				C05BFF1218ABE53600038902 /* Release */,
			);
			defaultConfigurationIsVisible = 0;
			defaultConfigurationName = Release;
		};
/* End XCConfigurationList section */

/* Begin XCVersionGroup section */
		C05BFF3418ABF9F800038902 /* TopRegionsModel.xcdatamodeld */ = {
			isa = XCVersionGroup;
			children = (
				C05BFF3518ABF9F800038902 /* TopRegionsModel.xcdatamodel */,
			);
			currentVersion = C05BFF3518ABF9F800038902 /* TopRegionsModel.xcdatamodel */;
			name = TopRegionsModel.xcdatamodeld;
			path = CoreDataModel/TopRegionsModel.xcdatamodeld;
			sourceTree = "<group>";
			versionGroupType = wrapper.xcdatamodel;
		};
/* End XCVersionGroup section */
	};
	rootObject = C05BFED018ABE53600038902 /* Project object */;
}
